
Microsoft Visual Studio Solution File, Format Version 12.00
# Visual Studio Version 17
VisualStudioVersion = 17.8.34511.84
MinimumVisualStudioVersion = 10.0.40219.1
Project("{FAE04EC0-301F-11D3-BF4B-00C04F79EFBC}") = "dz6", "dz6\dz6.csproj", "{D0DA82BB-2231-43B1-BAFB-F01C3A65903C}"
EndProject
Global
	GlobalSection(SolutionConfigurationPlatforms) = preSolution
		Debug|Any CPU = Debug|Any CPU
		Release|Any CPU = Release|Any CPU
	EndGlobalSection
	GlobalSection(ProjectConfigurationPlatforms) = postSolution
		{D0DA82BB-2231-43B1-BAFB-F01C3A65903C}.Debug|Any CPU.ActiveCfg = Debug|Any CPU
		{D0DA82BB-2231-43B1-BAFB-F01C3A65903C}.Debug|Any CPU.Build.0 = Debug|Any CPU
		{D0DA82BB-2231-43B1-BAFB-F01C3A65903C}.Release|Any CPU.ActiveCfg = Release|Any CPU
		{D0DA82BB-2231-43B1-BAFB-F01C3A65903C}.Release|Any CPU.Build.0 = Release|Any CPU
	EndGlobalSection
	GlobalSection(SolutionProperties) = preSolution
		HideSolutionNode = FALSE
	EndGlobalSection
	GlobalSection(ExtensibilityGlobals) = postSolution
		SolutionGuid = {286D71AC-74CD-4D33-88D8-195295A47A16}
	EndGlobalSection
EndGlobal
